
Microsoft Visual Studio Solution File, Format Version 12.00
# Visual Studio Version 16
VisualStudioVersion = 16.0.31005.135
MinimumVisualStudioVersion = 10.0.40219.1
Project("{FAE04EC0-301F-11D3-BF4B-00C04F79EFBC}") = "Task_1", "Lesson_2\Task_1.csproj", "{C0FA8341-6E5E-4BC5-A1F3-585FD156FC80}"
EndProject
Project("{FAE04EC0-301F-11D3-BF4B-00C04F79EFBC}") = "Task_2", "Task_2\Task_2.csproj", "{6CE2F6FA-7077-41C2-82F7-01CF87C462BF}"
EndProject
Project("{FAE04EC0-301F-11D3-BF4B-00C04F79EFBC}") = "Lesson_2_Tests", "Lesson_2_Tests\Lesson_2_Tests.csproj", "{06CD45A6-B13E-4405-93FC-4E25887F5522}"
EndProject
Global
	GlobalSection(SolutionConfigurationPlatforms) = preSolution
		Debug|Any CPU = Debug|Any CPU
		Release|Any CPU = Release|Any CPU
	EndGlobalSection
	GlobalSection(ProjectConfigurationPlatforms) = postSolution
		{C0FA8341-6E5E-4BC5-A1F3-585FD156FC80}.Debug|Any CPU.ActiveCfg = Debug|Any CPU
		{C0FA8341-6E5E-4BC5-A1F3-585FD156FC80}.Debug|Any CPU.Build.0 = Debug|Any CPU
		{C0FA8341-6E5E-4BC5-A1F3-585FD156FC80}.Release|Any CPU.ActiveCfg = Release|Any CPU
		{C0FA8341-6E5E-4BC5-A1F3-585FD156FC80}.Release|Any CPU.Build.0 = Release|Any CPU
		{6CE2F6FA-7077-41C2-82F7-01CF87C462BF}.Debug|Any CPU.ActiveCfg = Debug|Any CPU
		{6CE2F6FA-7077-41C2-82F7-01CF87C462BF}.Debug|Any CPU.Build.0 = Debug|Any CPU
		{6CE2F6FA-7077-41C2-82F7-01CF87C462BF}.Release|Any CPU.ActiveCfg = Release|Any CPU
		{6CE2F6FA-7077-41C2-82F7-01CF87C462BF}.Release|Any CPU.Build.0 = Release|Any CPU
		{06CD45A6-B13E-4405-93FC-4E25887F5522}.Debug|Any CPU.ActiveCfg = Debug|Any CPU
		{06CD45A6-B13E-4405-93FC-4E25887F5522}.Debug|Any CPU.Build.0 = Debug|Any CPU
		{06CD45A6-B13E-4405-93FC-4E25887F5522}.Release|Any CPU.ActiveCfg = Release|Any CPU
		{06CD45A6-B13E-4405-93FC-4E25887F5522}.Release|Any CPU.Build.0 = Release|Any CPU
	EndGlobalSection
	GlobalSection(SolutionProperties) = preSolution
		HideSolutionNode = FALSE
	EndGlobalSection
	GlobalSection(ExtensibilityGlobals) = postSolution
		SolutionGuid = {CFD4E244-FBBF-4DD5-8BA9-F786AADE769A}
	EndGlobalSection
EndGlobal
